// !$*UTF8*$!
{
	archiveVersion = 1;
	classes = {
	};
	objectVersion = 50;
	objects = {

/* Begin PBXBuildFile section */
		417C9A9B23AA485D00F1A7A9 /* AppDelegate.swift in Sources */ = {isa = PBXBuildFile; fileRef = 417C9A9A23AA485D00F1A7A9 /* AppDelegate.swift */; };
		417C9A9D23AA485D00F1A7A9 /* SceneDelegate.swift in Sources */ = {isa = PBXBuildFile; fileRef = 417C9A9C23AA485D00F1A7A9 /* SceneDelegate.swift */; };
		417C9A9F23AA485D00F1A7A9 /* ContentView.swift in Sources */ = {isa = PBXBuildFile; fileRef = 417C9A9E23AA485D00F1A7A9 /* ContentView.swift */; };
		417C9AA123AA485F00F1A7A9 /* Assets.xcassets in Resources */ = {isa = PBXBuildFile; fileRef = 417C9AA023AA485F00F1A7A9 /* Assets.xcassets */; };
		417C9AA423AA485F00F1A7A9 /* Preview Assets.xcassets in Resources */ = {isa = PBXBuildFile; fileRef = 417C9AA323AA485F00F1A7A9 /* Preview Assets.xcassets */; };
		417C9AA723AA485F00F1A7A9 /* LaunchScreen.storyboard in Resources */ = {isa = PBXBuildFile; fileRef = 417C9AA523AA485F00F1A7A9 /* LaunchScreen.storyboard */; };
		417C9AB223AA485F00F1A7A9 /* CaseManTests.swift in Sources */ = {isa = PBXBuildFile; fileRef = 417C9AB123AA485F00F1A7A9 /* CaseManTests.swift */; };
/* End PBXBuildFile section */

/* Begin PBXContainerItemProxy section */
		417C9AAE23AA485F00F1A7A9 /* PBXContainerItemProxy */ = {
			isa = PBXContainerItemProxy;
			containerPortal = 417C9A8F23AA485D00F1A7A9 /* Project object */;
			proxyType = 1;
			remoteGlobalIDString = 417C9A9623AA485D00F1A7A9;
			remoteInfo = CaseMan;
		};
/* End PBXContainerItemProxy section */

/* Begin PBXFileReference section */
		417C9A9723AA485D00F1A7A9 /* CaseMan.app */ = {isa = PBXFileReference; explicitFileType = wrapper.application; includeInIndex = 0; path = CaseMan.app; sourceTree = BUILT_PRODUCTS_DIR; };
		417C9A9A23AA485D00F1A7A9 /* AppDelegate.swift */ = {isa = PBXFileReference; lastKnownFileType = sourcecode.swift; path = AppDelegate.swift; sourceTree = "<group>"; };
		417C9A9C23AA485D00F1A7A9 /* SceneDelegate.swift */ = {isa = PBXFileReference; lastKnownFileType = sourcecode.swift; path = SceneDelegate.swift; sourceTree = "<group>"; };
		417C9A9E23AA485D00F1A7A9 /* ContentView.swift */ = {isa = PBXFileReference; lastKnownFileType = sourcecode.swift; path = ContentView.swift; sourceTree = "<group>"; };
		417C9AA023AA485F00F1A7A9 /* Assets.xcassets */ = {isa = PBXFileReference; lastKnownFileType = folder.assetcatalog; path = Assets.xcassets; sourceTree = "<group>"; };
		417C9AA323AA485F00F1A7A9 /* Preview Assets.xcassets */ = {isa = PBXFileReference; lastKnownFileType = folder.assetcatalog; path = "Preview Assets.xcassets"; sourceTree = "<group>"; };
		417C9AA623AA485F00F1A7A9 /* Base */ = {isa = PBXFileReference; lastKnownFileType = file.storyboard; name = Base; path = Base.lproj/LaunchScreen.storyboard; sourceTree = "<group>"; };
		417C9AA823AA485F00F1A7A9 /* Info.plist */ = {isa = PBXFileReference; lastKnownFileType = text.plist.xml; path = Info.plist; sourceTree = "<group>"; };
		417C9AAD23AA485F00F1A7A9 /* CaseManTests.xctest */ = {isa = PBXFileReference; explicitFileType = wrapper.cfbundle; includeInIndex = 0; path = CaseManTests.xctest; sourceTree = BUILT_PRODUCTS_DIR; };
		417C9AB123AA485F00F1A7A9 /* CaseManTests.swift */ = {isa = PBXFileReference; lastKnownFileType = sourcecode.swift; path = CaseManTests.swift; sourceTree = "<group>"; };
		417C9AB323AA485F00F1A7A9 /* Info.plist */ = {isa = PBXFileReference; lastKnownFileType = text.plist.xml; path = Info.plist; sourceTree = "<group>"; };
/* End PBXFileReference section */

/* Begin PBXFrameworksBuildPhase section */
		417C9A9423AA485D00F1A7A9 /* Frameworks */ = {
			isa = PBXFrameworksBuildPhase;
			buildActionMask = 2147483647;
			files = (
			);
			runOnlyForDeploymentPostprocessing = 0;
		};
		417C9AAA23AA485F00F1A7A9 /* Frameworks */ = {
			isa = PBXFrameworksBuildPhase;
			buildActionMask = 2147483647;
			files = (
			);
			runOnlyForDeploymentPostprocessing = 0;
		};
/* End PBXFrameworksBuildPhase section */

/* Begin PBXGroup section */
		417C9A8E23AA485D00F1A7A9 = {
			isa = PBXGroup;
			children = (
				417C9A9923AA485D00F1A7A9 /* CaseMan */,
				417C9AB023AA485F00F1A7A9 /* CaseManTests */,
				417C9A9823AA485D00F1A7A9 /* Products */,
			);
			sourceTree = "<group>";
		};
		417C9A9823AA485D00F1A7A9 /* Products */ = {
			isa = PBXGroup;
			children = (
				417C9A9723AA485D00F1A7A9 /* CaseMan.app */,
				417C9AAD23AA485F00F1A7A9 /* CaseManTests.xctest */,
			);
			name = Products;
			sourceTree = "<group>";
		};
		417C9A9923AA485D00F1A7A9 /* CaseMan */ = {
			isa = PBXGroup;
			children = (
				417C9A9A23AA485D00F1A7A9 /* AppDelegate.swift */,
				417C9A9C23AA485D00F1A7A9 /* SceneDelegate.swift */,
				417C9A9E23AA485D00F1A7A9 /* ContentView.swift */,
				417C9AA023AA485F00F1A7A9 /* Assets.xcassets */,
				417C9AA523AA485F00F1A7A9 /* LaunchScreen.storyboard */,
				417C9AA823AA485F00F1A7A9 /* Info.plist */,
				417C9AA223AA485F00F1A7A9 /* Preview Content */,
			);
			path = CaseMan;
			sourceTree = "<group>";
		};
		417C9AA223AA485F00F1A7A9 /* Preview Content */ = {
			isa = PBXGroup;
			children = (
				417C9AA323AA485F00F1A7A9 /* Preview Assets.xcassets */,
			);
			path = "Preview Content";
			sourceTree = "<group>";
		};
		417C9AB023AA485F00F1A7A9 /* CaseManTests */ = {
			isa = PBXGroup;
			children = (
				417C9AB123AA485F00F1A7A9 /* CaseManTests.swift */,
				417C9AB323AA485F00F1A7A9 /* Info.plist */,
			);
			path = CaseManTests;
			sourceTree = "<group>";
		};
/* End PBXGroup section */

/* Begin PBXNativeTarget section */
		417C9A9623AA485D00F1A7A9 /* CaseMan */ = {
			isa = PBXNativeTarget;
			buildConfigurationList = 417C9AB623AA485F00F1A7A9 /* Build configuration list for PBXNativeTarget "CaseMan" */;
			buildPhases = (
				417C9A9323AA485D00F1A7A9 /* Sources */,
				417C9A9423AA485D00F1A7A9 /* Frameworks */,
				417C9A9523AA485D00F1A7A9 /* Resources */,
			);
			buildRules = (
			);
			dependencies = (
			);
			name = CaseMan;
			productName = CaseMan;
			productReference = 417C9A9723AA485D00F1A7A9 /* CaseMan.app */;
			productType = "com.apple.product-type.application";
		};
		417C9AAC23AA485F00F1A7A9 /* CaseManTests */ = {
			isa = PBXNativeTarget;
			buildConfigurationList = 417C9AB923AA485F00F1A7A9 /* Build configuration list for PBXNativeTarget "CaseManTests" */;
			buildPhases = (
				417C9AA923AA485F00F1A7A9 /* Sources */,
				417C9AAA23AA485F00F1A7A9 /* Frameworks */,
				417C9AAB23AA485F00F1A7A9 /* Resources */,
			);
			buildRules = (
			);
			dependencies = (
				417C9AAF23AA485F00F1A7A9 /* PBXTargetDependency */,
			);
			name = CaseManTests;
			productName = CaseManTests;
			productReference = 417C9AAD23AA485F00F1A7A9 /* CaseManTests.xctest */;
			productType = "com.apple.product-type.bundle.unit-test";
		};
/* End PBXNativeTarget section */

/* Begin PBXProject section */
		417C9A8F23AA485D00F1A7A9 /* Project object */ = {
			isa = PBXProject;
			attributes = {
				LastSwiftUpdateCheck = 1130;
				LastUpgradeCheck = 1130;
				ORGANIZATIONNAME = "nerdoc & codinger GmbH";
				TargetAttributes = {
					417C9A9623AA485D00F1A7A9 = {
						CreatedOnToolsVersion = 11.3;
					};
					417C9AAC23AA485F00F1A7A9 = {
						CreatedOnToolsVersion = 11.3;
						TestTargetID = 417C9A9623AA485D00F1A7A9;
					};
				};
			};
			buildConfigurationList = 417C9A9223AA485D00F1A7A9 /* Build configuration list for PBXProject "CaseMan" */;
			compatibilityVersion = "Xcode 9.3";
			developmentRegion = en;
			hasScannedForEncodings = 0;
			knownRegions = (
				en,
				Base,
			);
			mainGroup = 417C9A8E23AA485D00F1A7A9;
			productRefGroup = 417C9A9823AA485D00F1A7A9 /* Products */;
			projectDirPath = "";
			projectRoot = "";
			targets = (
				417C9A9623AA485D00F1A7A9 /* CaseMan */,
				417C9AAC23AA485F00F1A7A9 /* CaseManTests */,
			);
		};
/* End PBXProject section */

/* Begin PBXResourcesBuildPhase section */
		417C9A9523AA485D00F1A7A9 /* Resources */ = {
			isa = PBXResourcesBuildPhase;
			buildActionMask = 2147483647;
			files = (
				417C9AA723AA485F00F1A7A9 /* LaunchScreen.storyboard in Resources */,
				417C9AA423AA485F00F1A7A9 /* Preview Assets.xcassets in Resources */,
				417C9AA123AA485F00F1A7A9 /* Assets.xcassets in Resources */,
			);
			runOnlyForDeploymentPostprocessing = 0;
		};
		417C9AAB23AA485F00F1A7A9 /* Resources */ = {
			isa = PBXResourcesBuildPhase;
			buildActionMask = 2147483647;
			files = (
			);
			runOnlyForDeploymentPostprocessing = 0;
		};
/* End PBXResourcesBuildPhase section */

/* Begin PBXSourcesBuildPhase section */
		417C9A9323AA485D00F1A7A9 /* Sources */ = {
			isa = PBXSourcesBuildPhase;
			buildActionMask = 2147483647;
			files = (
				417C9A9B23AA485D00F1A7A9 /* AppDelegate.swift in Sources */,
				417C9A9D23AA485D00F1A7A9 /* SceneDelegate.swift in Sources */,
				417C9A9F23AA485D00F1A7A9 /* ContentView.swift in Sources */,
			);
			runOnlyForDeploymentPostprocessing = 0;
		};
		417C9AA923AA485F00F1A7A9 /* Sources */ = {
			isa = PBXSourcesBuildPhase;
			buildActionMask = 2147483647;
			files = (
				417C9AB223AA485F00F1A7A9 /* CaseManTests.swift in Sources */,
			);
			runOnlyForDeploymentPostprocessing = 0;
		};
/* End PBXSourcesBuildPhase section */

/* Begin PBXTargetDependency section */
		417C9AAF23AA485F00F1A7A9 /* PBXTargetDependency */ = {
			isa = PBXTargetDependency;
			target = 417C9A9623AA485D00F1A7A9 /* CaseMan */;
			targetProxy = 417C9AAE23AA485F00F1A7A9 /* PBXContainerItemProxy */;
		};
/* End PBXTargetDependency section */

/* Begin PBXVariantGroup section */
		417C9AA523AA485F00F1A7A9 /* LaunchScreen.storyboard */ = {
			isa = PBXVariantGroup;
			children = (
				417C9AA623AA485F00F1A7A9 /* Base */,
			);
			name = LaunchScreen.storyboard;
			sourceTree = "<group>";
		};
/* End PBXVariantGroup section */

/* Begin XCBuildConfiguration section */
		417C9AB423AA485F00F1A7A9 /* Debug */ = {
			isa = XCBuildConfiguration;
			buildSettings = {
				ALWAYS_SEARCH_USER_PATHS = NO;
				CLANG_ANALYZER_NONNULL = YES;
				CLANG_ANALYZER_NUMBER_OBJECT_CONVERSION = YES_AGGRESSIVE;
				CLANG_CXX_LANGUAGE_STANDARD = "gnu++14";
				CLANG_CXX_LIBRARY = "libc++";
				CLANG_ENABLE_MODULES = YES;
				CLANG_ENABLE_OBJC_ARC = YES;
				CLANG_ENABLE_OBJC_WEAK = YES;
				CLANG_WARN_BLOCK_CAPTURE_AUTORELEASING = YES;
				CLANG_WARN_BOOL_CONVERSION = YES;
				CLANG_WARN_COMMA = YES;
				CLANG_WARN_CONSTANT_CONVERSION = YES;
				CLANG_WARN_DEPRECATED_OBJC_IMPLEMENTATIONS = YES;
				CLANG_WARN_DIRECT_OBJC_ISA_USAGE = YES_ERROR;
				CLANG_WARN_DOCUMENTATION_COMMENTS = YES;
				CLANG_WARN_EMPTY_BODY = YES;
				CLANG_WARN_ENUM_CONVERSION = YES;
				CLANG_WARN_INFINITE_RECURSION = YES;
				CLANG_WARN_INT_CONVERSION = YES;
				CLANG_WARN_NON_LITERAL_NULL_CONVERSION = YES;
				CLANG_WARN_OBJC_IMPLICIT_RETAIN_SELF = YES;
				CLANG_WARN_OBJC_LITERAL_CONVERSION = YES;
				CLANG_WARN_OBJC_ROOT_CLASS = YES_ERROR;
				CLANG_WARN_RANGE_LOOP_ANALYSIS = YES;
				CLANG_WARN_STRICT_PROTOTYPES = YES;
				CLANG_WARN_SUSPICIOUS_MOVE = YES;
				CLANG_WARN_UNGUARDED_AVAILABILITY = YES_AGGRESSIVE;
				CLANG_WARN_UNREACHABLE_CODE = YES;
				CLANG_WARN__DUPLICATE_METHOD_MATCH = YES;
				COPY_PHASE_STRIP = NO;
				DEBUG_INFORMATION_FORMAT = dwarf;
				ENABLE_STRICT_OBJC_MSGSEND = YES;
				ENABLE_TESTABILITY = YES;
				GCC_C_LANGUAGE_STANDARD = gnu11;
				GCC_DYNAMIC_NO_PIC = NO;
				GCC_NO_COMMON_BLOCKS = YES;
				GCC_OPTIMIZATION_LEVEL = 0;
				GCC_PREPROCESSOR_DEFINITIONS = (
					"DEBUG=1",
					"$(inherited)",
				);
				GCC_WARN_64_TO_32_BIT_CONVERSION = YES;
				GCC_WARN_ABOUT_RETURN_TYPE = YES_ERROR;
				GCC_WARN_UNDECLARED_SELECTOR = YES;
				GCC_WARN_UNINITIALIZED_AUTOS = YES_AGGRESSIVE;
				GCC_WARN_UNUSED_FUNCTION = YES;
				GCC_WARN_UNUSED_VARIABLE = YES;
				IPHONEOS_DEPLOYMENT_TARGET = 13.2;
				MTL_ENABLE_DEBUG_INFO = INCLUDE_SOURCE;
				MTL_FAST_MATH = YES;
				ONLY_ACTIVE_ARCH = YES;
				SDKROOT = iphoneos;
				SWIFT_ACTIVE_COMPILATION_CONDITIONS = DEBUG;
				SWIFT_OPTIMIZATION_LEVEL = "-Onone";
			};
			name = Debug;
		};
		417C9AB523AA485F00F1A7A9 /* Release */ = {
			isa = XCBuildConfiguration;
			buildSettings = {
				ALWAYS_SEARCH_USER_PATHS = NO;
				CLANG_ANALYZER_NONNULL = YES;
				CLANG_ANALYZER_NUMBER_OBJECT_CONVERSION = YES_AGGRESSIVE;
				CLANG_CXX_LANGUAGE_STANDARD = "gnu++14";
				CLANG_CXX_LIBRARY = "libc++";
				CLANG_ENABLE_MODULES = YES;
				CLANG_ENABLE_OBJC_ARC = YES;
				CLANG_ENABLE_OBJC_WEAK = YES;
				CLANG_WARN_BLOCK_CAPTURE_AUTORELEASING = YES;
				CLANG_WARN_BOOL_CONVERSION = YES;
				CLANG_WARN_COMMA = YES;
				CLANG_WARN_CONSTANT_CONVERSION = YES;
				CLANG_WARN_DEPRECATED_OBJC_IMPLEMENTATIONS = YES;
				CLANG_WARN_DIRECT_OBJC_ISA_USAGE = YES_ERROR;
				CLANG_WARN_DOCUMENTATION_COMMENTS = YES;
				CLANG_WARN_EMPTY_BODY = YES;
				CLANG_WARN_ENUM_CONVERSION = YES;
				CLANG_WARN_INFINITE_RECURSION = YES;
				CLANG_WARN_INT_CONVERSION = YES;
				CLANG_WARN_NON_LITERAL_NULL_CONVERSION = YES;
				CLANG_WARN_OBJC_IMPLICIT_RETAIN_SELF = YES;
				CLANG_WARN_OBJC_LITERAL_CONVERSION = YES;
				CLANG_WARN_OBJC_ROOT_CLASS = YES_ERROR;
				CLANG_WARN_RANGE_LOOP_ANALYSIS = YES;
				CLANG_WARN_STRICT_PROTOTYPES = YES;
				CLANG_WARN_SUSPICIOUS_MOVE = YES;
				CLANG_WARN_UNGUARDED_AVAILABILITY = YES_AGGRESSIVE;
				CLANG_WARN_UNREACHABLE_CODE = YES;
				CLANG_WARN__DUPLICATE_METHOD_MATCH = YES;
				COPY_PHASE_STRIP = NO;
				DEBUG_INFORMATION_FORMAT = "dwarf-with-dsym";
				ENABLE_NS_ASSERTIONS = NO;
				ENABLE_STRICT_OBJC_MSGSEND = YES;
				GCC_C_LANGUAGE_STANDARD = gnu11;
				GCC_NO_COMMON_BLOCKS = YES;
				GCC_WARN_64_TO_32_BIT_CONVERSION = YES;
				GCC_WARN_ABOUT_RETURN_TYPE = YES_ERROR;
				GCC_WARN_UNDECLARED_SELECTOR = YES;
				GCC_WARN_UNINITIALIZED_AUTOS = YES_AGGRESSIVE;
				GCC_WARN_UNUSED_FUNCTION = YES;
				GCC_WARN_UNUSED_VARIABLE = YES;
				IPHONEOS_DEPLOYMENT_TARGET = 13.2;
				MTL_ENABLE_DEBUG_INFO = NO;
				MTL_FAST_MATH = YES;
				SDKROOT = iphoneos;
				SWIFT_COMPILATION_MODE = wholemodule;
				SWIFT_OPTIMIZATION_LEVEL = "-O";
				VALIDATE_PRODUCT = YES;
			};
			name = Release;
		};
		417C9AB723AA485F00F1A7A9 /* Debug */ = {
			isa = XCBuildConfiguration;
			buildSettings = {
				ASSETCATALOG_COMPILER_APPICON_NAME = AppIcon;
				CODE_SIGN_STYLE = Automatic;
				DEVELOPMENT_ASSET_PATHS = "\"CaseMan/Preview Content\"";
				DEVELOPMENT_TEAM = 52835LBYCZ;
				ENABLE_PREVIEWS = YES;
				INFOPLIST_FILE = CaseMan/Info.plist;
				LD_RUNPATH_SEARCH_PATHS = (
					"$(inherited)",
					"@executable_path/Frameworks",
				);
				PRODUCT_BUNDLE_IDENTIFIER = de.nerdoccodinger.CaseMan;
				PRODUCT_NAME = "$(TARGET_NAME)";
				SWIFT_VERSION = 5.0;
				TARGETED_DEVICE_FAMILY = "1,2";
			};
			name = Debug;
		};
		417C9AB823AA485F00F1A7A9 /* Release */ = {
			isa = XCBuildConfiguration;
			buildSettings = {
				ASSETCATALOG_COMPILER_APPICON_NAME = AppIcon;
				CODE_SIGN_STYLE = Automatic;
				DEVELOPMENT_ASSET_PATHS = "\"CaseMan/Preview Content\"";
				DEVELOPMENT_TEAM = 52835LBYCZ;
				ENABLE_PREVIEWS = YES;
				INFOPLIST_FILE = CaseMan/Info.plist;
				LD_RUNPATH_SEARCH_PATHS = (
					"$(inherited)",
					"@executable_path/Frameworks",
				);
				PRODUCT_BUNDLE_IDENTIFIER = de.nerdoccodinger.CaseMan;
				PRODUCT_NAME = "$(TARGET_NAME)";
				SWIFT_VERSION = 5.0;
				TARGETED_DEVICE_FAMILY = "1,2";
			};
			name = Release;
		};
		417C9ABA23AA485F00F1A7A9 /* Debug */ = {
			isa = XCBuildConfiguration;
			buildSettings = {
				ALWAYS_EMBED_SWIFT_STANDARD_LIBRARIES = YES;
				BUNDLE_LOADER = "$(TEST_HOST)";
				CODE_SIGN_STYLE = Automatic;
				DEVELOPMENT_TEAM = 52835LBYCZ;
				INFOPLIST_FILE = CaseManTests/Info.plist;
				IPHONEOS_DEPLOYMENT_TARGET = 13.2;
				LD_RUNPATH_SEARCH_PATHS = (
					"$(inherited)",
					"@executable_path/Frameworks",
					"@loader_path/Frameworks",
				);
				PRODUCT_BUNDLE_IDENTIFIER = de.nerdoccodinger.CaseManTests;
				PRODUCT_NAME = "$(TARGET_NAME)";
				SWIFT_VERSION = 5.0;
				TARGETED_DEVICE_FAMILY = "1,2";
				TEST_HOST = "$(BUILT_PRODUCTS_DIR)/CaseMan.app/CaseMan";
			};
			name = Debug;
		};
		417C9ABB23AA485F00F1A7A9 /* Release */ = {
			isa = XCBuildConfiguration;
			buildSettings = {
				ALWAYS_EMBED_SWIFT_STANDARD_LIBRARIES = YES;
				BUNDLE_LOADER = "$(TEST_HOST)";
				CODE_SIGN_STYLE = Automatic;
				DEVELOPMENT_TEAM = 52835LBYCZ;
				INFOPLIST_FILE = CaseManTests/Info.plist;
				IPHONEOS_DEPLOYMENT_TARGET = 13.2;
				LD_RUNPATH_SEARCH_PATHS = (
					"$(inherited)",
					"@executable_path/Frameworks",
					"@loader_path/Frameworks",
				);
				PRODUCT_BUNDLE_IDENTIFIER = de.nerdoccodinger.CaseManTests;
				PRODUCT_NAME = "$(TARGET_NAME)";
				SWIFT_VERSION = 5.0;
				TARGETED_DEVICE_FAMILY = "1,2";
				TEST_HOST = "$(BUILT_PRODUCTS_DIR)/CaseMan.app/CaseMan";
			};
			name = Release;
		};
/* End XCBuildConfiguration section */

/* Begin XCConfigurationList section */
		417C9A9223AA485D00F1A7A9 /* Build configuration list for PBXProject "CaseMan" */ = {
			isa = XCConfigurationList;
			buildConfigurations = (
				417C9AB423AA485F00F1A7A9 /* Debug */,
				417C9AB523AA485F00F1A7A9 /* Release */,
			);
			defaultConfigurationIsVisible = 0;
			defaultConfigurationName = Release;
		};
		417C9AB623AA485F00F1A7A9 /* Build configuration list for PBXNativeTarget "CaseMan" */ = {
			isa = XCConfigurationList;
			buildConfigurations = (
				417C9AB723AA485F00F1A7A9 /* Debug */,
				417C9AB823AA485F00F1A7A9 /* Release */,
			);
			defaultConfigurationIsVisible = 0;
			defaultConfigurationName = Release;
		};
		417C9AB923AA485F00F1A7A9 /* Build configuration list for PBXNativeTarget "CaseManTests" */ = {
			isa = XCConfigurationList;
			buildConfigurations = (
				417C9ABA23AA485F00F1A7A9 /* Debug */,
				417C9ABB23AA485F00F1A7A9 /* Release */,
			);
			defaultConfigurationIsVisible = 0;
			defaultConfigurationName = Release;
		};
/* End XCConfigurationList section */
	};
	rootObject = 417C9A8F23AA485D00F1A7A9 /* Project object */;
}
